Microsoft Visual Studio Solution File, Format Version 12.00
# Visual Studio Version 17
VisualStudioVersion = 17.5.2.0
MinimumVisualStudioVersion = 10.0.40219.1
Project("{FAE04EC0-301F-11D3-BF4B-00C04F79EFBC}") = "MetricasRetangulo", "MetricasRetangulo.csproj", "{65E2A87F-DD51-461F-245B-25425ECFB5CB}"
EndProject
Global
	GlobalSection(SolutionConfigurationPlatforms) = preSolution
		Debug|Any CPU = Debug|Any CPU
		Release|Any CPU = Release|Any CPU
	EndGlobalSection
	GlobalSection(ProjectConfigurationPlatforms) = postSolution
		{65E2A87F-DD51-461F-245B-25425ECFB5CB}.Debug|Any CPU.ActiveCfg = Debug|Any CPU
		{65E2A87F-DD51-461F-245B-25425ECFB5CB}.Debug|Any CPU.Build.0 = Debug|Any CPU
		{65E2A87F-DD51-461F-245B-25425ECFB5CB}.Release|Any CPU.ActiveCfg = Release|Any CPU
		{65E2A87F-DD51-461F-245B-25425ECFB5CB}.Release|Any CPU.Build.0 = Release|Any CPU
	EndGlobalSection
	GlobalSection(SolutionProperties) = preSolution
		HideSolutionNode = FALSE
	EndGlobalSection
	GlobalSection(ExtensibilityGlobals) = postSolution
		SolutionGuid = {0F972754-2DD1-4FDD-BB50-556DED0D9BF5}
	EndGlobalSection
EndGlobal
